
Microsoft Visual Studio Solution File, Format Version 12.00
# Visual Studio Version 16
VisualStudioVersion = 16.0.31025.194
MinimumVisualStudioVersion = 10.0.40219.1
Project("{FAE04EC0-301F-11D3-BF4B-00C04F79EFBC}") = "FileBackUp", "FileBackUp.csproj", "{5E710A2E-70A0-4AF6-BACC-1D0FF55BEF4C}"
EndProject
Global
	GlobalSection(SolutionConfigurationPlatforms) = preSolution
		Debug|Any CPU = Debug|Any CPU
		Release|Any CPU = Release|Any CPU
	EndGlobalSection
	GlobalSection(ProjectConfigurationPlatforms) = postSolution
		{5E710A2E-70A0-4AF6-BACC-1D0FF55BEF4C}.Debug|Any CPU.ActiveCfg = Debug|Any CPU
		{5E710A2E-70A0-4AF6-BACC-1D0FF55BEF4C}.Debug|Any CPU.Build.0 = Debug|Any CPU
		{5E710A2E-70A0-4AF6-BACC-1D0FF55BEF4C}.Release|Any CPU.ActiveCfg = Release|Any CPU
		{5E710A2E-70A0-4AF6-BACC-1D0FF55BEF4C}.Release|Any CPU.Build.0 = Release|Any CPU
	EndGlobalSection
	GlobalSection(SolutionProperties) = preSolution
		HideSolutionNode = FALSE
	EndGlobalSection
	GlobalSection(ExtensibilityGlobals) = postSolution
		SolutionGuid = {F463E414-5715-47C8-8EFA-3ECC29CA7073}
	EndGlobalSection
EndGlobal
